
Microsoft Visual Studio Solution File, Format Version 12.00
# Visual Studio Version 17
VisualStudioVersion = 17.10.35027.167
MinimumVisualStudioVersion = 10.0.40219.1
Project("{FAE04EC0-301F-11D3-BF4B-00C04F79EFBC}") = "PatikaKütüphane", "PatikaKütüphane\PatikaKütüphane.csproj", "{E5249E94-0B30-496A-8220-AA16F3653CBD}"
EndProject
Global
	GlobalSection(SolutionConfigurationPlatforms) = preSolution
		Debug|Any CPU = Debug|Any CPU
		Release|Any CPU = Release|Any CPU
	EndGlobalSection
	GlobalSection(ProjectConfigurationPlatforms) = postSolution
		{E5249E94-0B30-496A-8220-AA16F3653CBD}.Debug|Any CPU.ActiveCfg = Debug|Any CPU
		{E5249E94-0B30-496A-8220-AA16F3653CBD}.Debug|Any CPU.Build.0 = Debug|Any CPU
		{E5249E94-0B30-496A-8220-AA16F3653CBD}.Release|Any CPU.ActiveCfg = Release|Any CPU
		{E5249E94-0B30-496A-8220-AA16F3653CBD}.Release|Any CPU.Build.0 = Release|Any CPU
	EndGlobalSection
	GlobalSection(SolutionProperties) = preSolution
		HideSolutionNode = FALSE
	EndGlobalSection
	GlobalSection(ExtensibilityGlobals) = postSolution
		SolutionGuid = {DED5A852-7F70-4413-940A-34983FF201CC}
	EndGlobalSection
EndGlobal
